
Microsoft Visual Studio Solution File, Format Version 12.00
# Visual Studio Version 17
VisualStudioVersion = 17.7.34202.233
MinimumVisualStudioVersion = 10.0.40219.1
Project("{FAE04EC0-301F-11D3-BF4B-00C04F79EFBC}") = "SquareRoot", "SquareRoot\SquareRoot.csproj", "{A30B843B-5DD7-49F4-BC34-3C9D90BD1402}"
EndProject
Global
	GlobalSection(SolutionConfigurationPlatforms) = preSolution
		Debug|Any CPU = Debug|Any CPU
		Release|Any CPU = Release|Any CPU
	EndGlobalSection
	GlobalSection(ProjectConfigurationPlatforms) = postSolution
		{A30B843B-5DD7-49F4-BC34-3C9D90BD1402}.Debug|Any CPU.ActiveCfg = Debug|Any CPU
		{A30B843B-5DD7-49F4-BC34-3C9D90BD1402}.Debug|Any CPU.Build.0 = Debug|Any CPU
		{A30B843B-5DD7-49F4-BC34-3C9D90BD1402}.Release|Any CPU.ActiveCfg = Release|Any CPU
		{A30B843B-5DD7-49F4-BC34-3C9D90BD1402}.Release|Any CPU.Build.0 = Release|Any CPU
	EndGlobalSection
	GlobalSection(SolutionProperties) = preSolution
		HideSolutionNode = FALSE
	EndGlobalSection
	GlobalSection(ExtensibilityGlobals) = postSolution
		SolutionGuid = {6432710A-20BE-4169-AE77-629F15F7A68C}
	EndGlobalSection
EndGlobal
